
Microsoft Visual Studio Solution File, Format Version 12.00
# Visual Studio Version 16
VisualStudioVersion = 16.0.32510.428
MinimumVisualStudioVersion = 10.0.40219.1
Project("{FAE04EC0-301F-11D3-BF4B-00C04F79EFBC}") = "SendMail", "SendMail\SendMail.csproj", "{C5B359FD-0DE7-451B-8207-34D3C6566D5D}"
EndProject
Global
	GlobalSection(SolutionConfigurationPlatforms) = preSolution
		Debug|Any CPU = Debug|Any CPU
		Release|Any CPU = Release|Any CPU
	EndGlobalSection
	GlobalSection(ProjectConfigurationPlatforms) = postSolution
		{C5B359FD-0DE7-451B-8207-34D3C6566D5D}.Debug|Any CPU.ActiveCfg = Debug|Any CPU
		{C5B359FD-0DE7-451B-8207-34D3C6566D5D}.Debug|Any CPU.Build.0 = Debug|Any CPU
		{C5B359FD-0DE7-451B-8207-34D3C6566D5D}.Release|Any CPU.ActiveCfg = Release|Any CPU
		{C5B359FD-0DE7-451B-8207-34D3C6566D5D}.Release|Any CPU.Build.0 = Release|Any CPU
	EndGlobalSection
	GlobalSection(SolutionProperties) = preSolution
		HideSolutionNode = FALSE
	EndGlobalSection
	GlobalSection(ExtensibilityGlobals) = postSolution
		SolutionGuid = {676F72C5-DDD8-42BF-8BD4-AD8192690361}
	EndGlobalSection
EndGlobal
